// !$*UTF8*$!
{
	archiveVersion = 1;
	classes = {
	};
	objectVersion = 46;
	objects = {

/* Begin PBXBuildFile section */
		1A14CA521A246A3800C4FEB0 /* SequenceViewController.m in Sources */ = {isa = PBXBuildFile; fileRef = 1A14CA511A246A3800C4FEB0 /* SequenceViewController.m */; };
		1A14CA551A246CB100C4FEB0 /* SequenceListViewController.m in Sources */ = {isa = PBXBuildFile; fileRef = 1A14CA541A246CB100C4FEB0 /* SequenceListViewController.m */; };
		1A14CA581A25232C00C4FEB0 /* SNRFetchedResultsController.m in Sources */ = {isa = PBXBuildFile; fileRef = 1A14CA571A25232C00C4FEB0 /* SNRFetchedResultsController.m */; };
		1A14CA5E1A253B0100C4FEB0 /* SequenceViewOld.m in Sources */ = {isa = PBXBuildFile; fileRef = 1A14CA5D1A253B0100C4FEB0 /* SequenceViewOld.m */; };
		1A14CA621A25411B00C4FEB0 /* ControlBoxViewController.m in Sources */ = {isa = PBXBuildFile; fileRef = 1A14CA611A25411B00C4FEB0 /* ControlBoxViewController.m */; };
		1A14CA691A25698600C4FEB0 /* ControlBox.m in Sources */ = {isa = PBXBuildFile; fileRef = 1A14CA681A25698600C4FEB0 /* ControlBox.m */; };
		1A14CA6F1A25797D00C4FEB0 /* ChannelColorTableCellView.m in Sources */ = {isa = PBXBuildFile; fileRef = 1A14CA6E1A25797D00C4FEB0 /* ChannelColorTableCellView.m */; };
		1A27BEDD1A2BF6480043F8C9 /* SequenceScrollView.m in Sources */ = {isa = PBXBuildFile; fileRef = 1A27BEDC1A2BF6480043F8C9 /* SequenceScrollView.m */; };
		1A27BEE31A2BF66D0043F8C9 /* SequenceChannelView.m in Sources */ = {isa = PBXBuildFile; fileRef = 1A27BEE21A2BF66D0043F8C9 /* SequenceChannelView.m */; };
		1A27BEE61A2BF6840043F8C9 /* SequenceTimelineView.m in Sources */ = {isa = PBXBuildFile; fileRef = 1A27BEE51A2BF6840043F8C9 /* SequenceTimelineView.m */; };
		1A27BEED1A2C0B310043F8C9 /* SequenceView.m in Sources */ = {isa = PBXBuildFile; fileRef = 1A27BEEC1A2C0B310043F8C9 /* SequenceView.m */; };
		1A27BEF01A2C3B730043F8C9 /* SequenceChannelScrollView.m in Sources */ = {isa = PBXBuildFile; fileRef = 1A27BEEF1A2C3B730043F8C9 /* SequenceChannelScrollView.m */; };
		1A27BEF31A2C3BAE0043F8C9 /* SequenceTimelineScrollView.m in Sources */ = {isa = PBXBuildFile; fileRef = 1A27BEF21A2C3BAE0043F8C9 /* SequenceTimelineScrollView.m */; };
		1A27BEF91A2C4FB90043F8C9 /* SequenceLogic.m in Sources */ = {isa = PBXBuildFile; fileRef = 1A27BEF81A2C4FB90043F8C9 /* SequenceLogic.m */; };
		1A5AE5321A2EE0BE00AA96DE /* Channel.m in Sources */ = {isa = PBXBuildFile; fileRef = 1A5AE5311A2EE0BE00AA96DE /* Channel.m */; };
		1A5AE5351A2EE0D700AA96DE /* Sequence.m in Sources */ = {isa = PBXBuildFile; fileRef = 1A5AE5341A2EE0D700AA96DE /* Sequence.m */; };
		1A5AE5381A2EE0F700AA96DE /* UserAudioAnalysisTrack.m in Sources */ = {isa = PBXBuildFile; fileRef = 1A5AE5371A2EE0F700AA96DE /* UserAudioAnalysisTrack.m */; };
		1A5AE53B1A2EE60100AA96DE /* Audio.m in Sources */ = {isa = PBXBuildFile; fileRef = 1A5AE53A1A2EE60100AA96DE /* Audio.m */; };
		1A75ADBF1A31247B00D532FB /* SequenceAudioAnalysisScrollView.m in Sources */ = {isa = PBXBuildFile; fileRef = 1A75ADBE1A31247B00D532FB /* SequenceAudioAnalysisScrollView.m */; };
		1A75ADC21A31248A00D532FB /* SequenceAudioAnalysisView.m in Sources */ = {isa = PBXBuildFile; fileRef = 1A75ADC11A31248A00D532FB /* SequenceAudioAnalysisView.m */; };
		1A75ADC71A3124B700D532FB /* SequenceAudioAnalysisChannelScrollView.m in Sources */ = {isa = PBXBuildFile; fileRef = 1A75ADC61A3124B700D532FB /* SequenceAudioAnalysisChannelScrollView.m */; };
		1A75ADCA1A3124C800D532FB /* SequenceAudioAnalysisChannelView.m in Sources */ = {isa = PBXBuildFile; fileRef = 1A75ADC91A3124C800D532FB /* SequenceAudioAnalysisChannelView.m */; };
		1A75ADE11A31AC7D00D532FB /* Command.m in Sources */ = {isa = PBXBuildFile; fileRef = 1A75ADE01A31AC7D00D532FB /* Command.m */; };
		1A75ADE41A31AC7E00D532FB /* SequenceTatum.m in Sources */ = {isa = PBXBuildFile; fileRef = 1A75ADE31A31AC7E00D532FB /* SequenceTatum.m */; };
		1AE771181A243E6500C49006 /* CommandFadeUp.m in Sources */ = {isa = PBXBuildFile; fileRef = 1AE771171A243E6500C49006 /* CommandFadeUp.m */; };
		1AE7711E1A243E6500C49006 /* EchoNestTimbre.m in Sources */ = {isa = PBXBuildFile; fileRef = 1AE7711D1A243E6500C49006 /* EchoNestTimbre.m */; };
		1AE771211A243E6500C49006 /* EchoNestSegment.m in Sources */ = {isa = PBXBuildFile; fileRef = 1AE771201A243E6500C49006 /* EchoNestSegment.m */; };
		1AE771241A243E6500C49006 /* EchoNestBar.m in Sources */ = {isa = PBXBuildFile; fileRef = 1AE771231A243E6500C49006 /* EchoNestBar.m */; };
		1AE7712A1A243E6500C49006 /* CommandOn.m in Sources */ = {isa = PBXBuildFile; fileRef = 1AE771291A243E6500C49006 /* CommandOn.m */; };
		1AE771301A243E6500C49006 /* CommandFadeDown.m in Sources */ = {isa = PBXBuildFile; fileRef = 1AE7712F1A243E6500C49006 /* CommandFadeDown.m */; };
		1AE771361A243E6500C49006 /* EchoNestSection.m in Sources */ = {isa = PBXBuildFile; fileRef = 1AE771351A243E6500C49006 /* EchoNestSection.m */; };
		1AE771391A243E6600C49006 /* EchoNestAudioAnalysis.m in Sources */ = {isa = PBXBuildFile; fileRef = 1AE771381A243E6600C49006 /* EchoNestAudioAnalysis.m */; };
		1AE7713F1A243E6600C49006 /* EchoNestTatum.m in Sources */ = {isa = PBXBuildFile; fileRef = 1AE7713E1A243E6600C49006 /* EchoNestTatum.m */; };
		1AE771421A243E6600C49006 /* ChannelPattern.m in Sources */ = {isa = PBXBuildFile; fileRef = 1AE771411A243E6600C49006 /* ChannelPattern.m */; };
		1AE771451A243E6600C49006 /* EchoNestPitch.m in Sources */ = {isa = PBXBuildFile; fileRef = 1AE771441A243E6600C49006 /* EchoNestPitch.m */; };
		1AE771511A243E6600C49006 /* EchoNestMeta.m in Sources */ = {isa = PBXBuildFile; fileRef = 1AE771501A243E6600C49006 /* EchoNestMeta.m */; };
		1AE771571A243E6600C49006 /* EchoNestBeat.m in Sources */ = {isa = PBXBuildFile; fileRef = 1AE771561A243E6600C49006 /* EchoNestBeat.m */; };
		1AE7715A1A243E6600C49006 /* EchoNestTrack.m in Sources */ = {isa = PBXBuildFile; fileRef = 1AE771591A243E6600C49006 /* EchoNestTrack.m */; };
		1AE771701A2441C600C49006 /* UserAudioAnalysisTrackChannel.m in Sources */ = {isa = PBXBuildFile; fileRef = 1AE7716F1A2441C600C49006 /* UserAudioAnalysisTrackChannel.m */; };
		1AE771761A24422C00C49006 /* ComplexCommand.m in Sources */ = {isa = PBXBuildFile; fileRef = 1AE771751A24422C00C49006 /* ComplexCommand.m */; };
		1AE771791A24422C00C49006 /* CommandPulse.m in Sources */ = {isa = PBXBuildFile; fileRef = 1AE771781A24422C00C49006 /* CommandPulse.m */; };
		1AE7717C1A24422C00C49006 /* CommandTwinkle.m in Sources */ = {isa = PBXBuildFile; fileRef = 1AE7717B1A24422C00C49006 /* CommandTwinkle.m */; };
		1AE771861A2442C500C49006 /* Playlist.m in Sources */ = {isa = PBXBuildFile; fileRef = 1AE771851A2442C500C49006 /* Playlist.m */; };
		1AE830211A21BA68000E297D /* AppDelegate.m in Sources */ = {isa = PBXBuildFile; fileRef = 1AE830201A21BA68000E297D /* AppDelegate.m */; };
		1AE830231A21BA68000E297D /* main.m in Sources */ = {isa = PBXBuildFile; fileRef = 1AE830221A21BA68000E297D /* main.m */; };
		1AE830291A21BA68000E297D /* LightMaster.xcdatamodeld in Sources */ = {isa = PBXBuildFile; fileRef = 1AE830271A21BA68000E297D /* LightMaster.xcdatamodeld */; };
		1AE8302B1A21BA68000E297D /* Images.xcassets in Resources */ = {isa = PBXBuildFile; fileRef = 1AE8302A1A21BA68000E297D /* Images.xcassets */; };
		1AE8302E1A21BA68000E297D /* Main.storyboard in Resources */ = {isa = PBXBuildFile; fileRef = 1AE8302C1A21BA68000E297D /* Main.storyboard */; };
		1AE8303A1A21BA68000E297D /* LightMasterTests.m in Sources */ = {isa = PBXBuildFile; fileRef = 1AE830391A21BA68000E297D /* LightMasterTests.m */; };
		1AE830481A21C70D000E297D /* NSManagedObjectContext+Queryable.m in Sources */ = {isa = PBXBuildFile; fileRef = 1AE830461A21C70D000E297D /* NSManagedObjectContext+Queryable.m */; };
		1AE830891A21C7F4000E297D /* CoreDataManager.m in Sources */ = {isa = PBXBuildFile; fileRef = 1AE830881A21C7F4000E297D /* CoreDataManager.m */; };
/* End PBXBuildFile section */

/* Begin PBXContainerItemProxy section */
		1AE830341A21BA68000E297D /* PBXContainerItemProxy */ = {
			isa = PBXContainerItemProxy;
			containerPortal = 1AE830121A21BA68000E297D /* Project object */;
			proxyType = 1;
			remoteGlobalIDString = 1AE830191A21BA68000E297D;
			remoteInfo = LightMaster;
		};
/* End PBXContainerItemProxy section */

/* Begin PBXFileReference section */
		1A14CA501A246A3800C4FEB0 /* SequenceViewController.h */ = {isa = PBXFileReference; fileEncoding = 4; lastKnownFileType = sourcecode.c.h; path = SequenceViewController.h; sourceTree = "<group>"; };
		1A14CA511A246A3800C4FEB0 /* SequenceViewController.m */ = {isa = PBXFileReference; fileEncoding = 4; lastKnownFileType = sourcecode.c.objc; path = SequenceViewController.m; sourceTree = "<group>"; };
		1A14CA531A246CB100C4FEB0 /* SequenceListViewController.h */ = {isa = PBXFileReference; fileEncoding = 4; lastKnownFileType = sourcecode.c.h; path = SequenceListViewController.h; sourceTree = "<group>"; };
		1A14CA541A246CB100C4FEB0 /* SequenceListViewController.m */ = {isa = PBXFileReference; fileEncoding = 4; lastKnownFileType = sourcecode.c.objc; path = SequenceListViewController.m; sourceTree = "<group>"; };
		1A14CA561A25232C00C4FEB0 /* SNRFetchedResultsController.h */ = {isa = PBXFileReference; fileEncoding = 4; lastKnownFileType = sourcecode.c.h; path = SNRFetchedResultsController.h; sourceTree = "<group>"; };
		1A14CA571A25232C00C4FEB0 /* SNRFetchedResultsController.m */ = {isa = PBXFileReference; fileEncoding = 4; lastKnownFileType = sourcecode.c.objc; path = SNRFetchedResultsController.m; sourceTree = "<group>"; };
		1A14CA5C1A253B0100C4FEB0 /* SequenceViewOld.h */ = {isa = PBXFileReference; fileEncoding = 4; lastKnownFileType = sourcecode.c.h; path = SequenceViewOld.h; sourceTree = "<group>"; };
		1A14CA5D1A253B0100C4FEB0 /* SequenceViewOld.m */ = {isa = PBXFileReference; fileEncoding = 4; lastKnownFileType = sourcecode.c.objc; path = SequenceViewOld.m; sourceTree = "<group>"; };
		1A14CA601A25411B00C4FEB0 /* ControlBoxViewController.h */ = {isa = PBXFileReference; fileEncoding = 4; lastKnownFileType = sourcecode.c.h; path = ControlBoxViewController.h; sourceTree = "<group>"; };
		1A14CA611A25411B00C4FEB0 /* ControlBoxViewController.m */ = {isa = PBXFileReference; fileEncoding = 4; lastKnownFileType = sourcecode.c.objc; path = ControlBoxViewController.m; sourceTree = "<group>"; };
		1A14CA671A25698600C4FEB0 /* ControlBox.h */ = {isa = PBXFileReference; fileEncoding = 4; lastKnownFileType = sourcecode.c.h; name = ControlBox.h; path = LightMaster/ControlBox.h; sourceTree = "<group>"; };
		1A14CA681A25698600C4FEB0 /* ControlBox.m */ = {isa = PBXFileReference; fileEncoding = 4; lastKnownFileType = sourcecode.c.objc; name = ControlBox.m; path = LightMaster/ControlBox.m; sourceTree = "<group>"; };
		1A14CA6D1A25797D00C4FEB0 /* ChannelColorTableCellView.h */ = {isa = PBXFileReference; fileEncoding = 4; lastKnownFileType = sourcecode.c.h; path = ChannelColorTableCellView.h; sourceTree = "<group>"; };
		1A14CA6E1A25797D00C4FEB0 /* ChannelColorTableCellView.m */ = {isa = PBXFileReference; fileEncoding = 4; lastKnownFileType = sourcecode.c.objc; path = ChannelColorTableCellView.m; sourceTree = "<group>"; };
		1A27BEDB1A2BF6480043F8C9 /* SequenceScrollView.h */ = {isa = PBXFileReference; fileEncoding = 4; lastKnownFileType = sourcecode.c.h; path = SequenceScrollView.h; sourceTree = "<group>"; };
		1A27BEDC1A2BF6480043F8C9 /* SequenceScrollView.m */ = {isa = PBXFileReference; fileEncoding = 4; lastKnownFileType = sourcecode.c.objc; path = SequenceScrollView.m; sourceTree = "<group>"; };
		1A27BEE11A2BF66D0043F8C9 /* SequenceChannelView.h */ = {isa = PBXFileReference; fileEncoding = 4; lastKnownFileType = sourcecode.c.h; path = SequenceChannelView.h; sourceTree = "<group>"; };
		1A27BEE21A2BF66D0043F8C9 /* SequenceChannelView.m */ = {isa = PBXFileReference; fileEncoding = 4; lastKnownFileType = sourcecode.c.objc; path = SequenceChannelView.m; sourceTree = "<group>"; };
		1A27BEE41A2BF6840043F8C9 /* SequenceTimelineView.h */ = {isa = PBXFileReference; fileEncoding = 4; lastKnownFileType = sourcecode.c.h; path = SequenceTimelineView.h; sourceTree = "<group>"; };
		1A27BEE51A2BF6840043F8C9 /* SequenceTimelineView.m */ = {isa = PBXFileReference; fileEncoding = 4; lastKnownFileType = sourcecode.c.objc; path = SequenceTimelineView.m; sourceTree = "<group>"; };
		1A27BEEB1A2C0B310043F8C9 /* SequenceView.h */ = {isa = PBXFileReference; fileEncoding = 4; lastKnownFileType = sourcecode.c.h; path = SequenceView.h; sourceTree = "<group>"; };
		1A27BEEC1A2C0B310043F8C9 /* SequenceView.m */ = {isa = PBXFileReference; fileEncoding = 4; lastKnownFileType = sourcecode.c.objc; path = SequenceView.m; sourceTree = "<group>"; };
		1A27BEEE1A2C3B730043F8C9 /* SequenceChannelScrollView.h */ = {isa = PBXFileReference; fileEncoding = 4; lastKnownFileType = sourcecode.c.h; path = SequenceChannelScrollView.h; sourceTree = "<group>"; };
		1A27BEEF1A2C3B730043F8C9 /* SequenceChannelScrollView.m */ = {isa = PBXFileReference; fileEncoding = 4; lastKnownFileType = sourcecode.c.objc; path = SequenceChannelScrollView.m; sourceTree = "<group>"; };
		1A27BEF11A2C3BAE0043F8C9 /* SequenceTimelineScrollView.h */ = {isa = PBXFileReference; fileEncoding = 4; lastKnownFileType = sourcecode.c.h; path = SequenceTimelineScrollView.h; sourceTree = "<group>"; };
		1A27BEF21A2C3BAE0043F8C9 /* SequenceTimelineScrollView.m */ = {isa = PBXFileReference; fileEncoding = 4; lastKnownFileType = sourcecode.c.objc; path = SequenceTimelineScrollView.m; sourceTree = "<group>"; };
		1A27BEF71A2C4FB90043F8C9 /* SequenceLogic.h */ = {isa = PBXFileReference; fileEncoding = 4; lastKnownFileType = sourcecode.c.h; path = SequenceLogic.h; sourceTree = "<group>"; };
		1A27BEF81A2C4FB90043F8C9 /* SequenceLogic.m */ = {isa = PBXFileReference; fileEncoding = 4; lastKnownFileType = sourcecode.c.objc; path = SequenceLogic.m; sourceTree = "<group>"; };
		1A5AE5301A2EE0BE00AA96DE /* Channel.h */ = {isa = PBXFileReference; fileEncoding = 4; lastKnownFileType = sourcecode.c.h; name = Channel.h; path = LightMaster/Channel.h; sourceTree = "<group>"; };
		1A5AE5311A2EE0BE00AA96DE /* Channel.m */ = {isa = PBXFileReference; fileEncoding = 4; lastKnownFileType = sourcecode.c.objc; name = Channel.m; path = LightMaster/Channel.m; sourceTree = "<group>"; };
		1A5AE5331A2EE0D700AA96DE /* Sequence.h */ = {isa = PBXFileReference; fileEncoding = 4; lastKnownFileType = sourcecode.c.h; name = Sequence.h; path = LightMaster/Sequence.h; sourceTree = "<group>"; };
		1A5AE5341A2EE0D700AA96DE /* Sequence.m */ = {isa = PBXFileReference; fileEncoding = 4; lastKnownFileType = sourcecode.c.objc; name = Sequence.m; path = LightMaster/Sequence.m; sourceTree = "<group>"; };
		1A5AE5361A2EE0F700AA96DE /* UserAudioAnalysisTrack.h */ = {isa = PBXFileReference; fileEncoding = 4; lastKnownFileType = sourcecode.c.h; name = UserAudioAnalysisTrack.h; path = LightMaster/UserAudioAnalysisTrack.h; sourceTree = "<group>"; };
		1A5AE5371A2EE0F700AA96DE /* UserAudioAnalysisTrack.m */ = {isa = PBXFileReference; fileEncoding = 4; lastKnownFileType = sourcecode.c.objc; name = UserAudioAnalysisTrack.m; path = LightMaster/UserAudioAnalysisTrack.m; sourceTree = "<group>"; };
		1A5AE5391A2EE60100AA96DE /* Audio.h */ = {isa = PBXFileReference; fileEncoding = 4; lastKnownFileType = sourcecode.c.h; name = Audio.h; path = LightMaster/Audio.h; sourceTree = "<group>"; };
		1A5AE53A1A2EE60100AA96DE /* Audio.m */ = {isa = PBXFileReference; fileEncoding = 4; lastKnownFileType = sourcecode.c.objc; name = Audio.m; path = LightMaster/Audio.m; sourceTree = "<group>"; };
		1A75ADBD1A31247B00D532FB /* SequenceAudioAnalysisScrollView.h */ = {isa = PBXFileReference; fileEncoding = 4; lastKnownFileType = sourcecode.c.h; path = SequenceAudioAnalysisScrollView.h; sourceTree = "<group>"; };
		1A75ADBE1A31247B00D532FB /* SequenceAudioAnalysisScrollView.m */ = {isa = PBXFileReference; fileEncoding = 4; lastKnownFileType = sourcecode.c.objc; path = SequenceAudioAnalysisScrollView.m; sourceTree = "<group>"; };
		1A75ADC01A31248900D532FB /* SequenceAudioAnalysisView.h */ = {isa = PBXFileReference; fileEncoding = 4; lastKnownFileType = sourcecode.c.h; path = SequenceAudioAnalysisView.h; sourceTree = "<group>"; };
		1A75ADC11A31248A00D532FB /* SequenceAudioAnalysisView.m */ = {isa = PBXFileReference; fileEncoding = 4; lastKnownFileType = sourcecode.c.objc; path = SequenceAudioAnalysisView.m; sourceTree = "<group>"; };
		1A75ADC51A3124B700D532FB /* SequenceAudioAnalysisChannelScrollView.h */ = {isa = PBXFileReference; fileEncoding = 4; lastKnownFileType = sourcecode.c.h; path = SequenceAudioAnalysisChannelScrollView.h; sourceTree = "<group>"; };
		1A75ADC61A3124B700D532FB /* SequenceAudioAnalysisChannelScrollView.m */ = {isa = PBXFileReference; fileEncoding = 4; lastKnownFileType = sourcecode.c.objc; path = SequenceAudioAnalysisChannelScrollView.m; sourceTree = "<group>"; };
		1A75ADC81A3124C800D532FB /* SequenceAudioAnalysisChannelView.h */ = {isa = PBXFileReference; fileEncoding = 4; lastKnownFileType = sourcecode.c.h; path = SequenceAudioAnalysisChannelView.h; sourceTree = "<group>"; };
		1A75ADC91A3124C800D532FB /* SequenceAudioAnalysisChannelView.m */ = {isa = PBXFileReference; fileEncoding = 4; lastKnownFileType = sourcecode.c.objc; path = SequenceAudioAnalysisChannelView.m; sourceTree = "<group>"; };
		1A75ADDF1A31AC7D00D532FB /* Command.h */ = {isa = PBXFileReference; fileEncoding = 4; lastKnownFileType = sourcecode.c.h; name = Command.h; path = LightMaster/Command.h; sourceTree = "<group>"; };
		1A75ADE01A31AC7D00D532FB /* Command.m */ = {isa = PBXFileReference; fileEncoding = 4; lastKnownFileType = sourcecode.c.objc; name = Command.m; path = LightMaster/Command.m; sourceTree = "<group>"; };
		1A75ADE21A31AC7E00D532FB /* SequenceTatum.h */ = {isa = PBXFileReference; fileEncoding = 4; lastKnownFileType = sourcecode.c.h; name = SequenceTatum.h; path = LightMaster/SequenceTatum.h; sourceTree = "<group>"; };
		1A75ADE31A31AC7E00D532FB /* SequenceTatum.m */ = {isa = PBXFileReference; fileEncoding = 4; lastKnownFileType = sourcecode.c.objc; name = SequenceTatum.m; path = LightMaster/SequenceTatum.m; sourceTree = "<group>"; };
		1ADBA28B1A31AB1C0023028C /* LightMaster 2.xcdatamodel */ = {isa = PBXFileReference; lastKnownFileType = wrapper.xcdatamodel; path = "LightMaster 2.xcdatamodel"; sourceTree = "<group>"; };
		1AE771161A243E6500C49006 /* CommandFadeUp.h */ = {isa = PBXFileReference; fileEncoding = 4; lastKnownFileType = sourcecode.c.h; name = CommandFadeUp.h; path = LightMaster/CommandFadeUp.h; sourceTree = "<group>"; };
		1AE771171A243E6500C49006 /* CommandFadeUp.m */ = {isa = PBXFileReference; fileEncoding = 4; lastKnownFileType = sourcecode.c.objc; name = CommandFadeUp.m; path = LightMaster/CommandFadeUp.m; sourceTree = "<group>"; };
		1AE7711C1A243E6500C49006 /* EchoNestTimbre.h */ = {isa = PBXFileReference; fileEncoding = 4; lastKnownFileType = sourcecode.c.h; name = EchoNestTimbre.h; path = LightMaster/EchoNestTimbre.h; sourceTree = "<group>"; };
		1AE7711D1A243E6500C49006 /* EchoNestTimbre.m */ = {isa = PBXFileReference; fileEncoding = 4; lastKnownFileType = sourcecode.c.objc; name = EchoNestTimbre.m; path = LightMaster/EchoNestTimbre.m; sourceTree = "<group>"; };
		1AE7711F1A243E6500C49006 /* EchoNestSegment.h */ = {isa = PBXFileReference; fileEncoding = 4; lastKnownFileType = sourcecode.c.h; name = EchoNestSegment.h; path = LightMaster/EchoNestSegment.h; sourceTree = "<group>"; };
		1AE771201A243E6500C49006 /* EchoNestSegment.m */ = {isa = PBXFileReference; fileEncoding = 4; lastKnownFileType = sourcecode.c.objc; name = EchoNestSegment.m; path = LightMaster/EchoNestSegment.m; sourceTree = "<group>"; };
		1AE771221A243E6500C49006 /* EchoNestBar.h */ = {isa = PBXFileReference; fileEncoding = 4; lastKnownFileType = sourcecode.c.h; name = EchoNestBar.h; path = LightMaster/EchoNestBar.h; sourceTree = "<group>"; };
		1AE771231A243E6500C49006 /* EchoNestBar.m */ = {isa = PBXFileReference; fileEncoding = 4; lastKnownFileType = sourcecode.c.objc; name = EchoNestBar.m; path = LightMaster/EchoNestBar.m; sourceTree = "<group>"; };
		1AE771281A243E6500C49006 /* CommandOn.h */ = {isa = PBXFileReference; fileEncoding = 4; lastKnownFileType = sourcecode.c.h; name = CommandOn.h; path = LightMaster/CommandOn.h; sourceTree = "<group>"; };
		1AE771291A243E6500C49006 /* CommandOn.m */ = {isa = PBXFileReference; fileEncoding = 4; lastKnownFileType = sourcecode.c.objc; name = CommandOn.m; path = LightMaster/CommandOn.m; sourceTree = "<group>"; };
		1AE7712E1A243E6500C49006 /* CommandFadeDown.h */ = {isa = PBXFileReference; fileEncoding = 4; lastKnownFileType = sourcecode.c.h; name = CommandFadeDown.h; path = LightMaster/CommandFadeDown.h; sourceTree = "<group>"; };
		1AE7712F1A243E6500C49006 /* CommandFadeDown.m */ = {isa = PBXFileReference; fileEncoding = 4; lastKnownFileType = sourcecode.c.objc; name = CommandFadeDown.m; path = LightMaster/CommandFadeDown.m; sourceTree = "<group>"; };
		1AE771341A243E6500C49006 /* EchoNestSection.h */ = {isa = PBXFileReference; fileEncoding = 4; lastKnownFileType = sourcecode.c.h; name = EchoNestSection.h; path = LightMaster/EchoNestSection.h; sourceTree = "<group>"; };
		1AE771351A243E6500C49006 /* EchoNestSection.m */ = {isa = PBXFileReference; fileEncoding = 4; lastKnownFileType = sourcecode.c.objc; name = EchoNestSection.m; path = LightMaster/EchoNestSection.m; sourceTree = "<group>"; };
		1AE771371A243E6600C49006 /* EchoNestAudioAnalysis.h */ = {isa = PBXFileReference; fileEncoding = 4; lastKnownFileType = sourcecode.c.h; name = EchoNestAudioAnalysis.h; path = LightMaster/EchoNestAudioAnalysis.h; sourceTree = "<group>"; };
		1AE771381A243E6600C49006 /* EchoNestAudioAnalysis.m */ = {isa = PBXFileReference; fileEncoding = 4; lastKnownFileType = sourcecode.c.objc; name = EchoNestAudioAnalysis.m; path = LightMaster/EchoNestAudioAnalysis.m; sourceTree = "<group>"; };
		1AE7713D1A243E6600C49006 /* EchoNestTatum.h */ = {isa = PBXFileReference; fileEncoding = 4; lastKnownFileType = sourcecode.c.h; name = EchoNestTatum.h; path = LightMaster/EchoNestTatum.h; sourceTree = "<group>"; };
		1AE7713E1A243E6600C49006 /* EchoNestTatum.m */ = {isa = PBXFileReference; fileEncoding = 4; lastKnownFileType = sourcecode.c.objc; name = EchoNestTatum.m; path = LightMaster/EchoNestTatum.m; sourceTree = "<group>"; };
		1AE771401A243E6600C49006 /* ChannelPattern.h */ = {isa = PBXFileReference; fileEncoding = 4; lastKnownFileType = sourcecode.c.h; name = ChannelPattern.h; path = LightMaster/ChannelPattern.h; sourceTree = "<group>"; };
		1AE771411A243E6600C49006 /* ChannelPattern.m */ = {isa = PBXFileReference; fileEncoding = 4; lastKnownFileType = sourcecode.c.objc; name = ChannelPattern.m; path = LightMaster/ChannelPattern.m; sourceTree = "<group>"; };
		1AE771431A243E6600C49006 /* EchoNestPitch.h */ = {isa = PBXFileReference; fileEncoding = 4; lastKnownFileType = sourcecode.c.h; name = EchoNestPitch.h; path = LightMaster/EchoNestPitch.h; sourceTree = "<group>"; };
		1AE771441A243E6600C49006 /* EchoNestPitch.m */ = {isa = PBXFileReference; fileEncoding = 4; lastKnownFileType = sourcecode.c.objc; name = EchoNestPitch.m; path = LightMaster/EchoNestPitch.m; sourceTree = "<group>"; };
		1AE7714F1A243E6600C49006 /* EchoNestMeta.h */ = {isa = PBXFileReference; fileEncoding = 4; lastKnownFileType = sourcecode.c.h; name = EchoNestMeta.h; path = LightMaster/EchoNestMeta.h; sourceTree = "<group>"; };
		1AE771501A243E6600C49006 /* EchoNestMeta.m */ = {isa = PBXFileReference; fileEncoding = 4; lastKnownFileType = sourcecode.c.objc; name = EchoNestMeta.m; path = LightMaster/EchoNestMeta.m; sourceTree = "<group>"; };
		1AE771551A243E6600C49006 /* EchoNestBeat.h */ = {isa = PBXFileReference; fileEncoding = 4; lastKnownFileType = sourcecode.c.h; name = EchoNestBeat.h; path = LightMaster/EchoNestBeat.h; sourceTree = "<group>"; };
		1AE771561A243E6600C49006 /* EchoNestBeat.m */ = {isa = PBXFileReference; fileEncoding = 4; lastKnownFileType = sourcecode.c.objc; name = EchoNestBeat.m; path = LightMaster/EchoNestBeat.m; sourceTree = "<group>"; };
		1AE771581A243E6600C49006 /* EchoNestTrack.h */ = {isa = PBXFileReference; fileEncoding = 4; lastKnownFileType = sourcecode.c.h; name = EchoNestTrack.h; path = LightMaster/EchoNestTrack.h; sourceTree = "<group>"; };
		1AE771591A243E6600C49006 /* EchoNestTrack.m */ = {isa = PBXFileReference; fileEncoding = 4; lastKnownFileType = sourcecode.c.objc; name = EchoNestTrack.m; path = LightMaster/EchoNestTrack.m; sourceTree = "<group>"; };
		1AE7716E1A2441C600C49006 /* UserAudioAnalysisTrackChannel.h */ = {isa = PBXFileReference; fileEncoding = 4; lastKnownFileType = sourcecode.c.h; name = UserAudioAnalysisTrackChannel.h; path = LightMaster/UserAudioAnalysisTrackChannel.h; sourceTree = "<group>"; };
		1AE7716F1A2441C600C49006 /* UserAudioAnalysisTrackChannel.m */ = {isa = PBXFileReference; fileEncoding = 4; lastKnownFileType = sourcecode.c.objc; name = UserAudioAnalysisTrackChannel.m; path = LightMaster/UserAudioAnalysisTrackChannel.m; sourceTree = "<group>"; };
		1AE771741A24422C00C49006 /* ComplexCommand.h */ = {isa = PBXFileReference; fileEncoding = 4; lastKnownFileType = sourcecode.c.h; name = ComplexCommand.h; path = LightMaster/ComplexCommand.h; sourceTree = "<group>"; };
		1AE771751A24422C00C49006 /* ComplexCommand.m */ = {isa = PBXFileReference; fileEncoding = 4; lastKnownFileType = sourcecode.c.objc; name = ComplexCommand.m; path = LightMaster/ComplexCommand.m; sourceTree = "<group>"; };
		1AE771771A24422C00C49006 /* CommandPulse.h */ = {isa = PBXFileReference; fileEncoding = 4; lastKnownFileType = sourcecode.c.h; name = CommandPulse.h; path = LightMaster/CommandPulse.h; sourceTree = "<group>"; };
		1AE771781A24422C00C49006 /* CommandPulse.m */ = {isa = PBXFileReference; fileEncoding = 4; lastKnownFileType = sourcecode.c.objc; name = CommandPulse.m; path = LightMaster/CommandPulse.m; sourceTree = "<group>"; };
		1AE7717A1A24422C00C49006 /* CommandTwinkle.h */ = {isa = PBXFileReference; fileEncoding = 4; lastKnownFileType = sourcecode.c.h; name = CommandTwinkle.h; path = LightMaster/CommandTwinkle.h; sourceTree = "<group>"; };
		1AE7717B1A24422C00C49006 /* CommandTwinkle.m */ = {isa = PBXFileReference; fileEncoding = 4; lastKnownFileType = sourcecode.c.objc; name = CommandTwinkle.m; path = LightMaster/CommandTwinkle.m; sourceTree = "<group>"; };
		1AE771841A2442C500C49006 /* Playlist.h */ = {isa = PBXFileReference; fileEncoding = 4; lastKnownFileType = sourcecode.c.h; name = Playlist.h; path = LightMaster/Playlist.h; sourceTree = "<group>"; };
		1AE771851A2442C500C49006 /* Playlist.m */ = {isa = PBXFileReference; fileEncoding = 4; lastKnownFileType = sourcecode.c.objc; name = Playlist.m; path = LightMaster/Playlist.m; sourceTree = "<group>"; };
		1AE8301A1A21BA68000E297D /* LightMaster.app */ = {isa = PBXFileReference; explicitFileType = wrapper.application; includeInIndex = 0; path = LightMaster.app; sourceTree = BUILT_PRODUCTS_DIR; };
		1AE8301E1A21BA68000E297D /* Info.plist */ = {isa = PBXFileReference; lastKnownFileType = text.plist.xml; path = Info.plist; sourceTree = "<group>"; };
		1AE8301F1A21BA68000E297D /* AppDelegate.h */ = {isa = PBXFileReference; lastKnownFileType = sourcecode.c.h; path = AppDelegate.h; sourceTree = "<group>"; };
		1AE830201A21BA68000E297D /* AppDelegate.m */ = {isa = PBXFileReference; lastKnownFileType = sourcecode.c.objc; path = AppDelegate.m; sourceTree = "<group>"; };
		1AE830221A21BA68000E297D /* main.m */ = {isa = PBXFileReference; lastKnownFileType = sourcecode.c.objc; path = main.m; sourceTree = "<group>"; };
		1AE830281A21BA68000E297D /* LightMaster.xcdatamodel */ = {isa = PBXFileReference; lastKnownFileType = wrapper.xcdatamodel; path = LightMaster.xcdatamodel; sourceTree = "<group>"; };
		1AE8302A1A21BA68000E297D /* Images.xcassets */ = {isa = PBXFileReference; lastKnownFileType = folder.assetcatalog; path = Images.xcassets; sourceTree = "<group>"; };
		1AE8302D1A21BA68000E297D /* Base */ = {isa = PBXFileReference; lastKnownFileType = file.storyboard; name = Base; path = Base.lproj/Main.storyboard; sourceTree = "<group>"; };
		1AE830331A21BA68000E297D /* LightMasterTests.xctest */ = {isa = PBXFileReference; explicitFileType = wrapper.cfbundle; includeInIndex = 0; path = LightMasterTests.xctest; sourceTree = BUILT_PRODUCTS_DIR; };
		1AE830381A21BA68000E297D /* Info.plist */ = {isa = PBXFileReference; lastKnownFileType = text.plist.xml; path = Info.plist; sourceTree = "<group>"; };
		1AE830391A21BA68000E297D /* LightMasterTests.m */ = {isa = PBXFileReference; lastKnownFileType = sourcecode.c.objc; path = LightMasterTests.m; sourceTree = "<group>"; };
		1AE830451A21C70D000E297D /* NSManagedObjectContext+Queryable.h */ = {isa = PBXFileReference; fileEncoding = 4; lastKnownFileType = sourcecode.c.h; path = "NSManagedObjectContext+Queryable.h"; sourceTree = "<group>"; };
		1AE830461A21C70D000E297D /* NSManagedObjectContext+Queryable.m */ = {isa = PBXFileReference; fileEncoding = 4; lastKnownFileType = sourcecode.c.objc; path = "NSManagedObjectContext+Queryable.m"; sourceTree = "<group>"; };
		1AE830871A21C7F4000E297D /* CoreDataManager.h */ = {isa = PBXFileReference; fileEncoding = 4; lastKnownFileType = sourcecode.c.h; path = CoreDataManager.h; sourceTree = "<group>"; };
		1AE830881A21C7F4000E297D /* CoreDataManager.m */ = {isa = PBXFileReference; fileEncoding = 4; lastKnownFileType = sourcecode.c.objc; path = CoreDataManager.m; sourceTree = "<group>"; };
/* End PBXFileReference section */

/* Begin PBXFrameworksBuildPhase section */
		1AE830171A21BA68000E297D /* Frameworks */ = {
			isa = PBXFrameworksBuildPhase;
			buildActionMask = 2147483647;
			files = (
			);
			runOnlyForDeploymentPostprocessing = 0;
		};
		1AE830301A21BA68000E297D /* Frameworks */ = {
			isa = PBXFrameworksBuildPhase;
			buildActionMask = 2147483647;
			files = (
			);
			runOnlyForDeploymentPostprocessing = 0;
		};
/* End PBXFrameworksBuildPhase section */

/* Begin PBXGroup section */
		1A14CA5F1A253E6200C4FEB0 /* SequenceTab */ = {
			isa = PBXGroup;
			children = (
				1A27BEEA1A2BF6A10043F8C9 /* SequenceView */,
				1A14CA531A246CB100C4FEB0 /* SequenceListViewController.h */,
				1A14CA541A246CB100C4FEB0 /* SequenceListViewController.m */,
			);
			name = SequenceTab;
			sourceTree = "<group>";
		};
		1A14CA631A25411F00C4FEB0 /* ControlBoxTab */ = {
			isa = PBXGroup;
			children = (
				1A14CA601A25411B00C4FEB0 /* ControlBoxViewController.h */,
				1A14CA611A25411B00C4FEB0 /* ControlBoxViewController.m */,
				1A14CA6D1A25797D00C4FEB0 /* ChannelColorTableCellView.h */,
				1A14CA6E1A25797D00C4FEB0 /* ChannelColorTableCellView.m */,
			);
			name = ControlBoxTab;
			sourceTree = "<group>";
		};
		1A27BEEA1A2BF6A10043F8C9 /* SequenceView */ = {
			isa = PBXGroup;
			children = (
				1A14CA5C1A253B0100C4FEB0 /* SequenceViewOld.h */,
				1A14CA5D1A253B0100C4FEB0 /* SequenceViewOld.m */,
				1A27BEF71A2C4FB90043F8C9 /* SequenceLogic.h */,
				1A27BEF81A2C4FB90043F8C9 /* SequenceLogic.m */,
				1A14CA501A246A3800C4FEB0 /* SequenceViewController.h */,
				1A14CA511A246A3800C4FEB0 /* SequenceViewController.m */,
				1A75ADCB1A3124CE00D532FB /* AudioAnalysisChannelView */,
				1A75ADC31A31248F00D532FB /* AudioAnalysisView */,
				1A27BEF41A2C465E0043F8C9 /* SequenceView */,
				1A27BEF51A2C46650043F8C9 /* ChannelView */,
				1A27BEF61A2C466C0043F8C9 /* TimelineView */,
			);
			name = SequenceView;
			sourceTree = "<group>";
		};
		1A27BEF41A2C465E0043F8C9 /* SequenceView */ = {
			isa = PBXGroup;
			children = (
				1A27BEDB1A2BF6480043F8C9 /* SequenceScrollView.h */,
				1A27BEDC1A2BF6480043F8C9 /* SequenceScrollView.m */,
				1A27BEEB1A2C0B310043F8C9 /* SequenceView.h */,
				1A27BEEC1A2C0B310043F8C9 /* SequenceView.m */,
			);
			name = SequenceView;
			sourceTree = "<group>";
		};
		1A27BEF51A2C46650043F8C9 /* ChannelView */ = {
			isa = PBXGroup;
			children = (
				1A27BEEE1A2C3B730043F8C9 /* SequenceChannelScrollView.h */,
				1A27BEEF1A2C3B730043F8C9 /* SequenceChannelScrollView.m */,
				1A27BEE11A2BF66D0043F8C9 /* SequenceChannelView.h */,
				1A27BEE21A2BF66D0043F8C9 /* SequenceChannelView.m */,
			);
			name = ChannelView;
			sourceTree = "<group>";
		};
		1A27BEF61A2C466C0043F8C9 /* TimelineView */ = {
			isa = PBXGroup;
			children = (
				1A27BEF11A2C3BAE0043F8C9 /* SequenceTimelineScrollView.h */,
				1A27BEF21A2C3BAE0043F8C9 /* SequenceTimelineScrollView.m */,
				1A27BEE41A2BF6840043F8C9 /* SequenceTimelineView.h */,
				1A27BEE51A2BF6840043F8C9 /* SequenceTimelineView.m */,
			);
			name = TimelineView;
			sourceTree = "<group>";
		};
		1A75ADC31A31248F00D532FB /* AudioAnalysisView */ = {
			isa = PBXGroup;
			children = (
				1A75ADBD1A31247B00D532FB /* SequenceAudioAnalysisScrollView.h */,
				1A75ADBE1A31247B00D532FB /* SequenceAudioAnalysisScrollView.m */,
				1A75ADC01A31248900D532FB /* SequenceAudioAnalysisView.h */,
				1A75ADC11A31248A00D532FB /* SequenceAudioAnalysisView.m */,
			);
			name = AudioAnalysisView;
			sourceTree = "<group>";
		};
		1A75ADCB1A3124CE00D532FB /* AudioAnalysisChannelView */ = {
			isa = PBXGroup;
			children = (
				1A75ADC51A3124B700D532FB /* SequenceAudioAnalysisChannelScrollView.h */,
				1A75ADC61A3124B700D532FB /* SequenceAudioAnalysisChannelScrollView.m */,
				1A75ADC81A3124C800D532FB /* SequenceAudioAnalysisChannelView.h */,
				1A75ADC91A3124C800D532FB /* SequenceAudioAnalysisChannelView.m */,
			);
			name = AudioAnalysisChannelView;
			sourceTree = "<group>";
		};
		1AE7715E1A243EED00C49006 /* EchoNest */ = {
			isa = PBXGroup;
			children = (
				1AE771371A243E6600C49006 /* EchoNestAudioAnalysis.h */,
				1AE771381A243E6600C49006 /* EchoNestAudioAnalysis.m */,
				1AE7714F1A243E6600C49006 /* EchoNestMeta.h */,
				1AE771501A243E6600C49006 /* EchoNestMeta.m */,
				1AE771581A243E6600C49006 /* EchoNestTrack.h */,
				1AE771591A243E6600C49006 /* EchoNestTrack.m */,
				1AE771341A243E6500C49006 /* EchoNestSection.h */,
				1AE771351A243E6500C49006 /* EchoNestSection.m */,
				1AE771221A243E6500C49006 /* EchoNestBar.h */,
				1AE771231A243E6500C49006 /* EchoNestBar.m */,
				1AE771551A243E6600C49006 /* EchoNestBeat.h */,
				1AE771561A243E6600C49006 /* EchoNestBeat.m */,
				1AE7713D1A243E6600C49006 /* EchoNestTatum.h */,
				1AE7713E1A243E6600C49006 /* EchoNestTatum.m */,
				1AE7711F1A243E6500C49006 /* EchoNestSegment.h */,
				1AE771201A243E6500C49006 /* EchoNestSegment.m */,
				1AE7711C1A243E6500C49006 /* EchoNestTimbre.h */,
				1AE7711D1A243E6500C49006 /* EchoNestTimbre.m */,
				1AE771431A243E6600C49006 /* EchoNestPitch.h */,
				1AE771441A243E6600C49006 /* EchoNestPitch.m */,
			);
			name = EchoNest;
			sourceTree = "<group>";
		};
		1AE7715F1A243EF700C49006 /* Commands */ = {
			isa = PBXGroup;
			children = (
				1A75ADDF1A31AC7D00D532FB /* Command.h */,
				1A75ADE01A31AC7D00D532FB /* Command.m */,
				1AE771281A243E6500C49006 /* CommandOn.h */,
				1AE771291A243E6500C49006 /* CommandOn.m */,
				1AE771161A243E6500C49006 /* CommandFadeUp.h */,
				1AE771171A243E6500C49006 /* CommandFadeUp.m */,
				1AE7712E1A243E6500C49006 /* CommandFadeDown.h */,
				1AE7712F1A243E6500C49006 /* CommandFadeDown.m */,
				1AE771741A24422C00C49006 /* ComplexCommand.h */,
				1AE771751A24422C00C49006 /* ComplexCommand.m */,
				1AE7717D1A24423D00C49006 /* ComplexCommands */,
			);
			name = Commands;
			sourceTree = "<group>";
		};
		1AE771601A243F2000C49006 /* ControlBox */ = {
			isa = PBXGroup;
			children = (
				1A14CA671A25698600C4FEB0 /* ControlBox.h */,
				1A14CA681A25698600C4FEB0 /* ControlBox.m */,
				1A5AE5301A2EE0BE00AA96DE /* Channel.h */,
				1A5AE5311A2EE0BE00AA96DE /* Channel.m */,
				1AE771401A243E6600C49006 /* ChannelPattern.h */,
				1AE771411A243E6600C49006 /* ChannelPattern.m */,
			);
			name = ControlBox;
			sourceTree = "<group>";
		};
		1AE771611A243F2900C49006 /* UserAudioAnalysis */ = {
			isa = PBXGroup;
			children = (
				1A5AE5361A2EE0F700AA96DE /* UserAudioAnalysisTrack.h */,
				1A5AE5371A2EE0F700AA96DE /* UserAudioAnalysisTrack.m */,
				1AE7716E1A2441C600C49006 /* UserAudioAnalysisTrackChannel.h */,
				1AE7716F1A2441C600C49006 /* UserAudioAnalysisTrackChannel.m */,
			);
			name = UserAudioAnalysis;
			sourceTree = "<group>";
		};
		1AE7717D1A24423D00C49006 /* ComplexCommands */ = {
			isa = PBXGroup;
			children = (
				1AE7717A1A24422C00C49006 /* CommandTwinkle.h */,
				1AE7717B1A24422C00C49006 /* CommandTwinkle.m */,
				1AE771771A24422C00C49006 /* CommandPulse.h */,
				1AE771781A24422C00C49006 /* CommandPulse.m */,
			);
			name = ComplexCommands;
			sourceTree = "<group>";
		};
		1AE830111A21BA68000E297D = {
			isa = PBXGroup;
			children = (
				1AE8301C1A21BA68000E297D /* LightMaster */,
				1AE830361A21BA68000E297D /* LightMasterTests */,
				1AE8301B1A21BA68000E297D /* Products */,
			);
			sourceTree = "<group>";
		};
		1AE8301B1A21BA68000E297D /* Products */ = {
			isa = PBXGroup;
			children = (
				1AE8301A1A21BA68000E297D /* LightMaster.app */,
				1AE830331A21BA68000E297D /* LightMasterTests.xctest */,
			);
			name = Products;
			sourceTree = "<group>";
		};
		1AE8301C1A21BA68000E297D /* LightMaster */ = {
			isa = PBXGroup;
			children = (
				1AE8301F1A21BA68000E297D /* AppDelegate.h */,
				1AE830201A21BA68000E297D /* AppDelegate.m */,
				1AE830491A21C725000E297D /* Data Model */,
				1A14CA5F1A253E6200C4FEB0 /* SequenceTab */,
				1A14CA631A25411F00C4FEB0 /* ControlBoxTab */,
				1AE8302A1A21BA68000E297D /* Images.xcassets */,
				1AE8302C1A21BA68000E297D /* Main.storyboard */,
				1AE8301D1A21BA68000E297D /* Supporting Files */,
			);
			path = LightMaster;
			sourceTree = "<group>";
		};
		1AE8301D1A21BA68000E297D /* Supporting Files */ = {
			isa = PBXGroup;
			children = (
				1AE8301E1A21BA68000E297D /* Info.plist */,
				1AE830221A21BA68000E297D /* main.m */,
			);
			name = "Supporting Files";
			sourceTree = "<group>";
		};
		1AE830361A21BA68000E297D /* LightMasterTests */ = {
			isa = PBXGroup;
			children = (
				1AE830391A21BA68000E297D /* LightMasterTests.m */,
				1AE830371A21BA68000E297D /* Supporting Files */,
			);
			path = LightMasterTests;
			sourceTree = "<group>";
		};
		1AE830371A21BA68000E297D /* Supporting Files */ = {
			isa = PBXGroup;
			children = (
				1AE830381A21BA68000E297D /* Info.plist */,
			);
			name = "Supporting Files";
			sourceTree = "<group>";
		};
		1AE830491A21C725000E297D /* Data Model */ = {
			isa = PBXGroup;
			children = (
				1AE830271A21BA68000E297D /* LightMaster.xcdatamodeld */,
				1AE830871A21C7F4000E297D /* CoreDataManager.h */,
				1AE830881A21C7F4000E297D /* CoreDataManager.m */,
				1AE830451A21C70D000E297D /* NSManagedObjectContext+Queryable.h */,
				1AE830461A21C70D000E297D /* NSManagedObjectContext+Queryable.m */,
				1A14CA561A25232C00C4FEB0 /* SNRFetchedResultsController.h */,
				1A14CA571A25232C00C4FEB0 /* SNRFetchedResultsController.m */,
				1AE830861A21C75E000E297D /* Classes */,
			);
			name = "Data Model";
			sourceTree = "<group>";
		};
		1AE830861A21C75E000E297D /* Classes */ = {
			isa = PBXGroup;
			children = (
				1AE771841A2442C500C49006 /* Playlist.h */,
				1AE771851A2442C500C49006 /* Playlist.m */,
				1A5AE5331A2EE0D700AA96DE /* Sequence.h */,
				1A5AE5341A2EE0D700AA96DE /* Sequence.m */,
				1A75ADE21A31AC7E00D532FB /* SequenceTatum.h */,
				1A75ADE31A31AC7E00D532FB /* SequenceTatum.m */,
				1A5AE5391A2EE60100AA96DE /* Audio.h */,
				1A5AE53A1A2EE60100AA96DE /* Audio.m */,
				1AE771601A243F2000C49006 /* ControlBox */,
				1AE771611A243F2900C49006 /* UserAudioAnalysis */,
				1AE7715E1A243EED00C49006 /* EchoNest */,
				1AE7715F1A243EF700C49006 /* Commands */,
			);
			name = Classes;
			path = ..;
			sourceTree = "<group>";
		};
/* End PBXGroup section */

/* Begin PBXNativeTarget section */
		1AE830191A21BA68000E297D /* LightMaster */ = {
			isa = PBXNativeTarget;
			buildConfigurationList = 1AE8303D1A21BA68000E297D /* Build configuration list for PBXNativeTarget "LightMaster" */;
			buildPhases = (
				1AE830161A21BA68000E297D /* Sources */,
				1AE830171A21BA68000E297D /* Frameworks */,
				1AE830181A21BA68000E297D /* Resources */,
			);
			buildRules = (
			);
			dependencies = (
			);
			name = LightMaster;
			productName = LightMaster;
			productReference = 1AE8301A1A21BA68000E297D /* LightMaster.app */;
			productType = "com.apple.product-type.application";
		};
		1AE830321A21BA68000E297D /* LightMasterTests */ = {
			isa = PBXNativeTarget;
			buildConfigurationList = 1AE830401A21BA68000E297D /* Build configuration list for PBXNativeTarget "LightMasterTests" */;
			buildPhases = (
				1AE8302F1A21BA68000E297D /* Sources */,
				1AE830301A21BA68000E297D /* Frameworks */,
				1AE830311A21BA68000E297D /* Resources */,
			);
			buildRules = (
			);
			dependencies = (
				1AE830351A21BA68000E297D /* PBXTargetDependency */,
			);
			name = LightMasterTests;
			productName = LightMasterTests;
			productReference = 1AE830331A21BA68000E297D /* LightMasterTests.xctest */;
			productType = "com.apple.product-type.bundle.unit-test";
		};
/* End PBXNativeTarget section */

/* Begin PBXProject section */
		1AE830121A21BA68000E297D /* Project object */ = {
			isa = PBXProject;
			attributes = {
				LastUpgradeCheck = 0610;
				ORGANIZATIONNAME = JamesAdams;
				TargetAttributes = {
					1AE830191A21BA68000E297D = {
						CreatedOnToolsVersion = 6.1;
					};
					1AE830321A21BA68000E297D = {
						CreatedOnToolsVersion = 6.1;
						TestTargetID = 1AE830191A21BA68000E297D;
					};
				};
			};
			buildConfigurationList = 1AE830151A21BA68000E297D /* Build configuration list for PBXProject "LightMaster" */;
			compatibilityVersion = "Xcode 3.2";
			developmentRegion = English;
			hasScannedForEncodings = 0;
			knownRegions = (
				en,
				Base,
			);
			mainGroup = 1AE830111A21BA68000E297D;
			productRefGroup = 1AE8301B1A21BA68000E297D /* Products */;
			projectDirPath = "";
			projectRoot = "";
			targets = (
				1AE830191A21BA68000E297D /* LightMaster */,
				1AE830321A21BA68000E297D /* LightMasterTests */,
			);
		};
/* End PBXProject section */

/* Begin PBXResourcesBuildPhase section */
		1AE830181A21BA68000E297D /* Resources */ = {
			isa = PBXResourcesBuildPhase;
			buildActionMask = 2147483647;
			files = (
				1AE8302B1A21BA68000E297D /* Images.xcassets in Resources */,
				1AE8302E1A21BA68000E297D /* Main.storyboard in Resources */,
			);
			runOnlyForDeploymentPostprocessing = 0;
		};
		1AE830311A21BA68000E297D /* Resources */ = {
			isa = PBXResourcesBuildPhase;
			buildActionMask = 2147483647;
			files = (
			);
			runOnlyForDeploymentPostprocessing = 0;
		};
/* End PBXResourcesBuildPhase section */

/* Begin PBXSourcesBuildPhase section */
		1AE830161A21BA68000E297D /* Sources */ = {
			isa = PBXSourcesBuildPhase;
			buildActionMask = 2147483647;
			files = (
				1AE771571A243E6600C49006 /* EchoNestBeat.m in Sources */,
				1AE771511A243E6600C49006 /* EchoNestMeta.m in Sources */,
				1AE830481A21C70D000E297D /* NSManagedObjectContext+Queryable.m in Sources */,
				1A14CA691A25698600C4FEB0 /* ControlBox.m in Sources */,
				1A75ADC71A3124B700D532FB /* SequenceAudioAnalysisChannelScrollView.m in Sources */,
				1A14CA521A246A3800C4FEB0 /* SequenceViewController.m in Sources */,
				1AE771861A2442C500C49006 /* Playlist.m in Sources */,
				1A75ADC21A31248A00D532FB /* SequenceAudioAnalysisView.m in Sources */,
				1A27BEED1A2C0B310043F8C9 /* SequenceView.m in Sources */,
				1AE771361A243E6500C49006 /* EchoNestSection.m in Sources */,
				1A75ADE11A31AC7D00D532FB /* Command.m in Sources */,
				1AE771701A2441C600C49006 /* UserAudioAnalysisTrackChannel.m in Sources */,
				1AE771211A243E6500C49006 /* EchoNestSegment.m in Sources */,
				1A5AE5381A2EE0F700AA96DE /* UserAudioAnalysisTrack.m in Sources */,
				1AE771421A243E6600C49006 /* ChannelPattern.m in Sources */,
				1A14CA6F1A25797D00C4FEB0 /* ChannelColorTableCellView.m in Sources */,
				1A27BEF01A2C3B730043F8C9 /* SequenceChannelScrollView.m in Sources */,
				1A75ADBF1A31247B00D532FB /* SequenceAudioAnalysisScrollView.m in Sources */,
				1AE771241A243E6500C49006 /* EchoNestBar.m in Sources */,
				1A14CA5E1A253B0100C4FEB0 /* SequenceViewOld.m in Sources */,
				1AE771301A243E6500C49006 /* CommandFadeDown.m in Sources */,
				1A27BEDD1A2BF6480043F8C9 /* SequenceScrollView.m in Sources */,
				1A27BEF31A2C3BAE0043F8C9 /* SequenceTimelineScrollView.m in Sources */,
				1A14CA551A246CB100C4FEB0 /* SequenceListViewController.m in Sources */,
				1AE830291A21BA68000E297D /* LightMaster.xcdatamodeld in Sources */,
				1AE771761A24422C00C49006 /* ComplexCommand.m in Sources */,
				1AE7715A1A243E6600C49006 /* EchoNestTrack.m in Sources */,
				1AE771791A24422C00C49006 /* CommandPulse.m in Sources */,
				1AE830891A21C7F4000E297D /* CoreDataManager.m in Sources */,
				1AE7717C1A24422C00C49006 /* CommandTwinkle.m in Sources */,
				1A75ADE41A31AC7E00D532FB /* SequenceTatum.m in Sources */,
				1A5AE53B1A2EE60100AA96DE /* Audio.m in Sources */,
				1A27BEF91A2C4FB90043F8C9 /* SequenceLogic.m in Sources */,
				1A27BEE61A2BF6840043F8C9 /* SequenceTimelineView.m in Sources */,
				1A5AE5351A2EE0D700AA96DE /* Sequence.m in Sources */,
				1A27BEE31A2BF66D0043F8C9 /* SequenceChannelView.m in Sources */,
				1AE7713F1A243E6600C49006 /* EchoNestTatum.m in Sources */,
				1AE771391A243E6600C49006 /* EchoNestAudioAnalysis.m in Sources */,
				1A14CA621A25411B00C4FEB0 /* ControlBoxViewController.m in Sources */,
				1AE7712A1A243E6500C49006 /* CommandOn.m in Sources */,
				1AE830231A21BA68000E297D /* main.m in Sources */,
				1AE7711E1A243E6500C49006 /* EchoNestTimbre.m in Sources */,
				1A75ADCA1A3124C800D532FB /* SequenceAudioAnalysisChannelView.m in Sources */,
				1AE771181A243E6500C49006 /* CommandFadeUp.m in Sources */,
				1AE830211A21BA68000E297D /* AppDelegate.m in Sources */,
				1AE771451A243E6600C49006 /* EchoNestPitch.m in Sources */,
				1A5AE5321A2EE0BE00AA96DE /* Channel.m in Sources */,
				1A14CA581A25232C00C4FEB0 /* SNRFetchedResultsController.m in Sources */,
			);
			runOnlyForDeploymentPostprocessing = 0;
		};
		1AE8302F1A21BA68000E297D /* Sources */ = {
			isa = PBXSourcesBuildPhase;
			buildActionMask = 2147483647;
			files = (
				1AE8303A1A21BA68000E297D /* LightMasterTests.m in Sources */,
			);
			runOnlyForDeploymentPostprocessing = 0;
		};
/* End PBXSourcesBuildPhase section */

/* Begin PBXTargetDependency section */
		1AE830351A21BA68000E297D /* PBXTargetDependency */ = {
			isa = PBXTargetDependency;
			target = 1AE830191A21BA68000E297D /* LightMaster */;
			targetProxy = 1AE830341A21BA68000E297D /* PBXContainerItemProxy */;
		};
/* End PBXTargetDependency section */

/* Begin PBXVariantGroup section */
		1AE8302C1A21BA68000E297D /* Main.storyboard */ = {
			isa = PBXVariantGroup;
			children = (
				1AE8302D1A21BA68000E297D /* Base */,
			);
			name = Main.storyboard;
			sourceTree = "<group>";
		};
/* End PBXVariantGroup section */

/* Begin XCBuildConfiguration section */
		1AE8303B1A21BA68000E297D /* Debug */ = {
			isa = XCBuildConfiguration;
			buildSettings = {
				ALWAYS_SEARCH_USER_PATHS = NO;
				CLANG_CXX_LANGUAGE_STANDARD = "gnu++0x";
				CLANG_CXX_LIBRARY = "libc++";
				CLANG_ENABLE_MODULES = YES;
				CLANG_ENABLE_OBJC_ARC = YES;
				CLANG_WARN_BOOL_CONVERSION = YES;
				CLANG_WARN_CONSTANT_CONVERSION = YES;
				CLANG_WARN_DIRECT_OBJC_ISA_USAGE = YES_ERROR;
				CLANG_WARN_EMPTY_BODY = YES;
				CLANG_WARN_ENUM_CONVERSION = YES;
				CLANG_WARN_INT_CONVERSION = YES;
				CLANG_WARN_OBJC_ROOT_CLASS = YES_ERROR;
				CLANG_WARN_UNREACHABLE_CODE = YES;
				CLANG_WARN__DUPLICATE_METHOD_MATCH = YES;
				CODE_SIGN_IDENTITY = "-";
				COPY_PHASE_STRIP = NO;
				ENABLE_STRICT_OBJC_MSGSEND = YES;
				GCC_C_LANGUAGE_STANDARD = gnu99;
				GCC_DYNAMIC_NO_PIC = NO;
				GCC_OPTIMIZATION_LEVEL = 0;
				GCC_PREPROCESSOR_DEFINITIONS = (
					"DEBUG=1",
					"$(inherited)",
				);
				GCC_SYMBOLS_PRIVATE_EXTERN = NO;
				GCC_WARN_64_TO_32_BIT_CONVERSION = YES;
				GCC_WARN_ABOUT_RETURN_TYPE = YES_ERROR;
				GCC_WARN_UNDECLARED_SELECTOR = YES;
				GCC_WARN_UNINITIALIZED_AUTOS = YES_AGGRESSIVE;
				GCC_WARN_UNUSED_FUNCTION = YES;
				GCC_WARN_UNUSED_VARIABLE = YES;
				MACOSX_DEPLOYMENT_TARGET = 10.10;
				MTL_ENABLE_DEBUG_INFO = YES;
				ONLY_ACTIVE_ARCH = YES;
				SDKROOT = macosx;
			};
			name = Debug;
		};
		1AE8303C1A21BA68000E297D /* Release */ = {
			isa = XCBuildConfiguration;
			buildSettings = {
				ALWAYS_SEARCH_USER_PATHS = NO;
				CLANG_CXX_LANGUAGE_STANDARD = "gnu++0x";
				CLANG_CXX_LIBRARY = "libc++";
				CLANG_ENABLE_MODULES = YES;
				CLANG_ENABLE_OBJC_ARC = YES;
				CLANG_WARN_BOOL_CONVERSION = YES;
				CLANG_WARN_CONSTANT_CONVERSION = YES;
				CLANG_WARN_DIRECT_OBJC_ISA_USAGE = YES_ERROR;
				CLANG_WARN_EMPTY_BODY = YES;
				CLANG_WARN_ENUM_CONVERSION = YES;
				CLANG_WARN_INT_CONVERSION = YES;
				CLANG_WARN_OBJC_ROOT_CLASS = YES_ERROR;
				CLANG_WARN_UNREACHABLE_CODE = YES;
				CLANG_WARN__DUPLICATE_METHOD_MATCH = YES;
				CODE_SIGN_IDENTITY = "-";
				COPY_PHASE_STRIP = YES;
				DEBUG_INFORMATION_FORMAT = "dwarf-with-dsym";
				ENABLE_NS_ASSERTIONS = NO;
				ENABLE_STRICT_OBJC_MSGSEND = YES;
				GCC_C_LANGUAGE_STANDARD = gnu99;
				GCC_WARN_64_TO_32_BIT_CONVERSION = YES;
				GCC_WARN_ABOUT_RETURN_TYPE = YES_ERROR;
				GCC_WARN_UNDECLARED_SELECTOR = YES;
				GCC_WARN_UNINITIALIZED_AUTOS = YES_AGGRESSIVE;
				GCC_WARN_UNUSED_FUNCTION = YES;
				GCC_WARN_UNUSED_VARIABLE = YES;
				MACOSX_DEPLOYMENT_TARGET = 10.10;
				MTL_ENABLE_DEBUG_INFO = NO;
				SDKROOT = macosx;
			};
			name = Release;
		};
		1AE8303E1A21BA68000E297D /* Debug */ = {
			isa = XCBuildConfiguration;
			buildSettings = {
				ASSETCATALOG_COMPILER_APPICON_NAME = AppIcon;
				COMBINE_HIDPI_IMAGES = YES;
				INFOPLIST_FILE = LightMaster/Info.plist;
				LD_RUNPATH_SEARCH_PATHS = "$(inherited) @executable_path/../Frameworks";
				PRODUCT_NAME = "$(TARGET_NAME)";
			};
			name = Debug;
		};
		1AE8303F1A21BA68000E297D /* Release */ = {
			isa = XCBuildConfiguration;
			buildSettings = {
				ASSETCATALOG_COMPILER_APPICON_NAME = AppIcon;
				COMBINE_HIDPI_IMAGES = YES;
				INFOPLIST_FILE = LightMaster/Info.plist;
				LD_RUNPATH_SEARCH_PATHS = "$(inherited) @executable_path/../Frameworks";
				PRODUCT_NAME = "$(TARGET_NAME)";
			};
			name = Release;
		};
		1AE830411A21BA68000E297D /* Debug */ = {
			isa = XCBuildConfiguration;
			buildSettings = {
				BUNDLE_LOADER = "$(TEST_HOST)";
				COMBINE_HIDPI_IMAGES = YES;
				FRAMEWORK_SEARCH_PATHS = (
					"$(DEVELOPER_FRAMEWORKS_DIR)",
					"$(inherited)",
				);
				GCC_PREPROCESSOR_DEFINITIONS = (
					"DEBUG=1",
					"$(inherited)",
				);
				INFOPLIST_FILE = LightMasterTests/Info.plist;
				LD_RUNPATH_SEARCH_PATHS = "$(inherited) @executable_path/../Frameworks @loader_path/../Frameworks";
				PRODUCT_NAME = "$(TARGET_NAME)";
				TEST_HOST = "$(BUILT_PRODUCTS_DIR)/LightMaster.app/Contents/MacOS/LightMaster";
			};
			name = Debug;
		};
		1AE830421A21BA68000E297D /* Release */ = {
			isa = XCBuildConfiguration;
			buildSettings = {
				BUNDLE_LOADER = "$(TEST_HOST)";
				COMBINE_HIDPI_IMAGES = YES;
				FRAMEWORK_SEARCH_PATHS = (
					"$(DEVELOPER_FRAMEWORKS_DIR)",
					"$(inherited)",
				);
				INFOPLIST_FILE = LightMasterTests/Info.plist;
				LD_RUNPATH_SEARCH_PATHS = "$(inherited) @executable_path/../Frameworks @loader_path/../Frameworks";
				PRODUCT_NAME = "$(TARGET_NAME)";
				TEST_HOST = "$(BUILT_PRODUCTS_DIR)/LightMaster.app/Contents/MacOS/LightMaster";
			};
			name = Release;
		};
/* End XCBuildConfiguration section */

/* Begin XCConfigurationList section */
		1AE830151A21BA68000E297D /* Build configuration list for PBXProject "LightMaster" */ = {
			isa = XCConfigurationList;
			buildConfigurations = (
				1AE8303B1A21BA68000E297D /* Debug */,
				1AE8303C1A21BA68000E297D /* Release */,
			);
			defaultConfigurationIsVisible = 0;
			defaultConfigurationName = Release;
		};
		1AE8303D1A21BA68000E297D /* Build configuration list for PBXNativeTarget "LightMaster" */ = {
			isa = XCConfigurationList;
			buildConfigurations = (
				1AE8303E1A21BA68000E297D /* Debug */,
				1AE8303F1A21BA68000E297D /* Release */,
			);
			defaultConfigurationIsVisible = 0;
			defaultConfigurationName = Release;
		};
		1AE830401A21BA68000E297D /* Build configuration list for PBXNativeTarget "LightMasterTests" */ = {
			isa = XCConfigurationList;
			buildConfigurations = (
				1AE830411A21BA68000E297D /* Debug */,
				1AE830421A21BA68000E297D /* Release */,
			);
			defaultConfigurationIsVisible = 0;
			defaultConfigurationName = Release;
		};
/* End XCConfigurationList section */

/* Begin XCVersionGroup section */
		1AE830271A21BA68000E297D /* LightMaster.xcdatamodeld */ = {
			isa = XCVersionGroup;
			children = (
				1ADBA28B1A31AB1C0023028C /* LightMaster 2.xcdatamodel */,
				1AE830281A21BA68000E297D /* LightMaster.xcdatamodel */,
			);
			currentVersion = 1ADBA28B1A31AB1C0023028C /* LightMaster 2.xcdatamodel */;
			path = LightMaster.xcdatamodeld;
			sourceTree = "<group>";
			versionGroupType = wrapper.xcdatamodel;
		};
/* End XCVersionGroup section */
	};
	rootObject = 1AE830121A21BA68000E297D /* Project object */;
}
